
Microsoft Visual Studio Solution File, Format Version 12.00
# Visual Studio Version 17
VisualStudioVersion = 17.3.32922.545
MinimumVisualStudioVersion = 10.0.40219.1
Project("{FAE04EC0-301F-11D3-BF4B-00C04F79EFBC}") = "Calculadora cientifica", "Calculadora cientifica\Calculadora cientifica.csproj", "{4A1DAD4A-8583-4B6E-8614-811E65CA1700}"
EndProject
Global
	GlobalSection(SolutionConfigurationPlatforms) = preSolution
		Debug|Any CPU = Debug|Any CPU
		Release|Any CPU = Release|Any CPU
	EndGlobalSection
	GlobalSection(ProjectConfigurationPlatforms) = postSolution
		{4A1DAD4A-8583-4B6E-8614-811E65CA1700}.Debug|Any CPU.ActiveCfg = Debug|Any CPU
		{4A1DAD4A-8583-4B6E-8614-811E65CA1700}.Debug|Any CPU.Build.0 = Debug|Any CPU
		{4A1DAD4A-8583-4B6E-8614-811E65CA1700}.Release|Any CPU.ActiveCfg = Release|Any CPU
		{4A1DAD4A-8583-4B6E-8614-811E65CA1700}.Release|Any CPU.Build.0 = Release|Any CPU
	EndGlobalSection
	GlobalSection(SolutionProperties) = preSolution
		HideSolutionNode = FALSE
	EndGlobalSection
	GlobalSection(ExtensibilityGlobals) = postSolution
		SolutionGuid = {7539B2CF-E17C-405E-8313-090B5829BD5C}
	EndGlobalSection
EndGlobal
